
Microsoft Visual Studio Solution File, Format Version 12.00
# Visual Studio Version 17
VisualStudioVersion = 17.5.002.0
MinimumVisualStudioVersion = 10.0.40219.1
Project("{2150E333-8FDC-42A3-9474-1A3956D46DE8}") = "Lab03", "Lab03", "{96B563B4-2230-4430-8F57-5DF89AAFA3A6}"
EndProject
Project("{9A19103F-16F7-4668-BE54-9A1E7A4F7556}") = "Lab03.Task01", "Lab03\Lab03.Task01\Lab03.Task01.csproj", "{ACDCD310-F5FD-4167-A0E6-B043AC6CC8DB}"
EndProject
Project("{2150E333-8FDC-42A3-9474-1A3956D46DE8}") = "Lab04", "Lab04", "{CC987078-627D-4E82-AAC5-FC672CFBEDE0}"
EndProject
Project("{9A19103F-16F7-4668-BE54-9A1E7A4F7556}") = "ConsoleApp1", "Lab04\ConsoleApp1\ConsoleApp1.csproj", "{5411912E-825D-466D-AA99-C0BBD3527AF1}"
EndProject
Project("{2150E333-8FDC-42A3-9474-1A3956D46DE8}") = "Lab05", "Lab05", "{637383E6-6D1B-452A-84D6-9A6E4BC489A5}"
EndProject
Project("{9A19103F-16F7-4668-BE54-9A1E7A4F7556}") = "ConsoleApp", "Lab05\ConsoleApp\ConsoleApp.csproj", "{B51C489D-F296-4C50-903B-7AB144CF9D45}"
EndProject
Project("{2150E333-8FDC-42A3-9474-1A3956D46DE8}") = "Lab01", "Lab01", "{AC3CE5D7-AF05-43D6-AFB3-E74DF8E24D20}"
EndProject
Project("{9A19103F-16F7-4668-BE54-9A1E7A4F7556}") = "Lab01.App", "Lab01\Lab01.App\Lab01.App.csproj", "{C02C2EB2-A52A-49D3-8AA0-0E078D78CECA}"
EndProject
Project("{2150E333-8FDC-42A3-9474-1A3956D46DE8}") = "Lab06", "Lab06", "{6915A330-A3B2-40B7-976B-E3073368BA93}"
EndProject
Project("{9A19103F-16F7-4668-BE54-9A1E7A4F7556}") = "ClientApp", "Lab06\ClientApp\ClientApp.csproj", "{0372A57A-9002-4417-954C-5E372E16FB74}"
EndProject
Project("{9A19103F-16F7-4668-BE54-9A1E7A4F7556}") = "Task2Client", "Lab06\Task2Client\Task2Client.csproj", "{ADEC2FD5-DC1C-4864-B1E7-5F33A2DA9FA4}"
EndProject
Project("{9A19103F-16F7-4668-BE54-9A1E7A4F7556}") = "ConsoleApp", "Lab06\ConsoleApp\ConsoleApp.csproj", "{74F49FC6-2C8C-4811-8C9E-9D2C25F4FB0F}"
EndProject
Project("{9A19103F-16F7-4668-BE54-9A1E7A4F7556}") = "ServerApp", "Lab06\ServerApp\ServerApp.csproj", "{86876AB4-B2F4-4695-9734-1A7D41F2059D}"
EndProject
Project("{9A19103F-16F7-4668-BE54-9A1E7A4F7556}") = "Task3Client", "Lab06\Task3Client\Task3Client.csproj", "{D799E540-7FFE-40D3-AB82-B831A18772E6}"
EndProject
Project("{9A19103F-16F7-4668-BE54-9A1E7A4F7556}") = "Task2Server", "Lab06\Task2Server\Task2Server.csproj", "{745A06E4-2B1A-4EC0-AAAB-A124843F9694}"
EndProject
Project("{9A19103F-16F7-4668-BE54-9A1E7A4F7556}") = "Task3Server", "Lab06\Task3Server\Task3Server.csproj", "{40AA2519-E5A9-4193-ABF8-DFC8AD9133CF}"
EndProject
Project("{2150E333-8FDC-42A3-9474-1A3956D46DE8}") = "Lab07", "Lab07", "{2898C526-C0A8-49AC-8722-E8D28913CDE5}"
EndProject
Project("{FAE04EC0-301F-11D3-BF4B-00C04F79EFBC}") = "ConsoleApp", "Lab07\ConsoleApp\ConsoleApp.csproj", "{7B8AAC36-D819-410B-A057-A01D8EB74312}"
EndProject
Global
	GlobalSection(SolutionConfigurationPlatforms) = preSolution
		Debug|Any CPU = Debug|Any CPU
		Release|Any CPU = Release|Any CPU
	EndGlobalSection
	GlobalSection(ProjectConfigurationPlatforms) = postSolution
		{ACDCD310-F5FD-4167-A0E6-B043AC6CC8DB}.Debug|Any CPU.ActiveCfg = Debug|Any CPU
		{ACDCD310-F5FD-4167-A0E6-B043AC6CC8DB}.Debug|Any CPU.Build.0 = Debug|Any CPU
		{ACDCD310-F5FD-4167-A0E6-B043AC6CC8DB}.Release|Any CPU.ActiveCfg = Release|Any CPU
		{ACDCD310-F5FD-4167-A0E6-B043AC6CC8DB}.Release|Any CPU.Build.0 = Release|Any CPU
		{5411912E-825D-466D-AA99-C0BBD3527AF1}.Debug|Any CPU.ActiveCfg = Debug|Any CPU
		{5411912E-825D-466D-AA99-C0BBD3527AF1}.Debug|Any CPU.Build.0 = Debug|Any CPU
		{5411912E-825D-466D-AA99-C0BBD3527AF1}.Release|Any CPU.ActiveCfg = Release|Any CPU
		{5411912E-825D-466D-AA99-C0BBD3527AF1}.Release|Any CPU.Build.0 = Release|Any CPU
		{B51C489D-F296-4C50-903B-7AB144CF9D45}.Debug|Any CPU.ActiveCfg = Debug|Any CPU
		{B51C489D-F296-4C50-903B-7AB144CF9D45}.Debug|Any CPU.Build.0 = Debug|Any CPU
		{B51C489D-F296-4C50-903B-7AB144CF9D45}.Release|Any CPU.ActiveCfg = Release|Any CPU
		{B51C489D-F296-4C50-903B-7AB144CF9D45}.Release|Any CPU.Build.0 = Release|Any CPU
		{C02C2EB2-A52A-49D3-8AA0-0E078D78CECA}.Debug|Any CPU.ActiveCfg = Debug|Any CPU
		{C02C2EB2-A52A-49D3-8AA0-0E078D78CECA}.Debug|Any CPU.Build.0 = Debug|Any CPU
		{C02C2EB2-A52A-49D3-8AA0-0E078D78CECA}.Release|Any CPU.ActiveCfg = Release|Any CPU
		{C02C2EB2-A52A-49D3-8AA0-0E078D78CECA}.Release|Any CPU.Build.0 = Release|Any CPU
		{0372A57A-9002-4417-954C-5E372E16FB74}.Debug|Any CPU.ActiveCfg = Debug|Any CPU
		{0372A57A-9002-4417-954C-5E372E16FB74}.Debug|Any CPU.Build.0 = Debug|Any CPU
		{0372A57A-9002-4417-954C-5E372E16FB74}.Release|Any CPU.ActiveCfg = Release|Any CPU
		{0372A57A-9002-4417-954C-5E372E16FB74}.Release|Any CPU.Build.0 = Release|Any CPU
		{ADEC2FD5-DC1C-4864-B1E7-5F33A2DA9FA4}.Debug|Any CPU.ActiveCfg = Debug|Any CPU
		{ADEC2FD5-DC1C-4864-B1E7-5F33A2DA9FA4}.Debug|Any CPU.Build.0 = Debug|Any CPU
		{ADEC2FD5-DC1C-4864-B1E7-5F33A2DA9FA4}.Release|Any CPU.ActiveCfg = Release|Any CPU
		{ADEC2FD5-DC1C-4864-B1E7-5F33A2DA9FA4}.Release|Any CPU.Build.0 = Release|Any CPU
		{74F49FC6-2C8C-4811-8C9E-9D2C25F4FB0F}.Debug|Any CPU.ActiveCfg = Debug|Any CPU
		{74F49FC6-2C8C-4811-8C9E-9D2C25F4FB0F}.Debug|Any CPU.Build.0 = Debug|Any CPU
		{74F49FC6-2C8C-4811-8C9E-9D2C25F4FB0F}.Release|Any CPU.ActiveCfg = Release|Any CPU
		{74F49FC6-2C8C-4811-8C9E-9D2C25F4FB0F}.Release|Any CPU.Build.0 = Release|Any CPU
		{86876AB4-B2F4-4695-9734-1A7D41F2059D}.Debug|Any CPU.ActiveCfg = Debug|Any CPU
		{86876AB4-B2F4-4695-9734-1A7D41F2059D}.Debug|Any CPU.Build.0 = Debug|Any CPU
		{86876AB4-B2F4-4695-9734-1A7D41F2059D}.Release|Any CPU.ActiveCfg = Release|Any CPU
		{86876AB4-B2F4-4695-9734-1A7D41F2059D}.Release|Any CPU.Build.0 = Release|Any CPU
		{D799E540-7FFE-40D3-AB82-B831A18772E6}.Debug|Any CPU.ActiveCfg = Debug|Any CPU
		{D799E540-7FFE-40D3-AB82-B831A18772E6}.Debug|Any CPU.Build.0 = Debug|Any CPU
		{D799E540-7FFE-40D3-AB82-B831A18772E6}.Release|Any CPU.ActiveCfg = Release|Any CPU
		{D799E540-7FFE-40D3-AB82-B831A18772E6}.Release|Any CPU.Build.0 = Release|Any CPU
		{745A06E4-2B1A-4EC0-AAAB-A124843F9694}.Debug|Any CPU.ActiveCfg = Debug|Any CPU
		{745A06E4-2B1A-4EC0-AAAB-A124843F9694}.Debug|Any CPU.Build.0 = Debug|Any CPU
		{745A06E4-2B1A-4EC0-AAAB-A124843F9694}.Release|Any CPU.ActiveCfg = Release|Any CPU
		{745A06E4-2B1A-4EC0-AAAB-A124843F9694}.Release|Any CPU.Build.0 = Release|Any CPU
		{40AA2519-E5A9-4193-ABF8-DFC8AD9133CF}.Debug|Any CPU.ActiveCfg = Debug|Any CPU
		{40AA2519-E5A9-4193-ABF8-DFC8AD9133CF}.Debug|Any CPU.Build.0 = Debug|Any CPU
		{40AA2519-E5A9-4193-ABF8-DFC8AD9133CF}.Release|Any CPU.ActiveCfg = Release|Any CPU
		{40AA2519-E5A9-4193-ABF8-DFC8AD9133CF}.Release|Any CPU.Build.0 = Release|Any CPU
		{7B8AAC36-D819-410B-A057-A01D8EB74312}.Debug|Any CPU.ActiveCfg = Debug|Any CPU
		{7B8AAC36-D819-410B-A057-A01D8EB74312}.Debug|Any CPU.Build.0 = Debug|Any CPU
		{7B8AAC36-D819-410B-A057-A01D8EB74312}.Release|Any CPU.ActiveCfg = Release|Any CPU
		{7B8AAC36-D819-410B-A057-A01D8EB74312}.Release|Any CPU.Build.0 = Release|Any CPU
	EndGlobalSection
	GlobalSection(SolutionProperties) = preSolution
		HideSolutionNode = FALSE
	EndGlobalSection
	GlobalSection(NestedProjects) = preSolution
		{ACDCD310-F5FD-4167-A0E6-B043AC6CC8DB} = {96B563B4-2230-4430-8F57-5DF89AAFA3A6}
		{5411912E-825D-466D-AA99-C0BBD3527AF1} = {CC987078-627D-4E82-AAC5-FC672CFBEDE0}
		{B51C489D-F296-4C50-903B-7AB144CF9D45} = {637383E6-6D1B-452A-84D6-9A6E4BC489A5}
		{C02C2EB2-A52A-49D3-8AA0-0E078D78CECA} = {AC3CE5D7-AF05-43D6-AFB3-E74DF8E24D20}
		{0372A57A-9002-4417-954C-5E372E16FB74} = {6915A330-A3B2-40B7-976B-E3073368BA93}
		{ADEC2FD5-DC1C-4864-B1E7-5F33A2DA9FA4} = {6915A330-A3B2-40B7-976B-E3073368BA93}
		{74F49FC6-2C8C-4811-8C9E-9D2C25F4FB0F} = {6915A330-A3B2-40B7-976B-E3073368BA93}
		{86876AB4-B2F4-4695-9734-1A7D41F2059D} = {6915A330-A3B2-40B7-976B-E3073368BA93}
		{D799E540-7FFE-40D3-AB82-B831A18772E6} = {6915A330-A3B2-40B7-976B-E3073368BA93}
		{745A06E4-2B1A-4EC0-AAAB-A124843F9694} = {6915A330-A3B2-40B7-976B-E3073368BA93}
		{40AA2519-E5A9-4193-ABF8-DFC8AD9133CF} = {6915A330-A3B2-40B7-976B-E3073368BA93}
		{7B8AAC36-D819-410B-A057-A01D8EB74312} = {2898C526-C0A8-49AC-8722-E8D28913CDE5}
	EndGlobalSection
	GlobalSection(ExtensibilityGlobals) = postSolution
		SolutionGuid = {971DA206-CE66-4F53-BCAF-0A6426F35504}
	EndGlobalSection
EndGlobal
